definitions:
  config:
    /hippo:namespaces/publishing/dsfigureblock:
      jcr:primaryType: hipposysedit:templatetype
      jcr:mixinTypes: ['editor:editable', 'mix:referenceable']
      jcr:uuid: ee8d3513-fea5-45f8-987d-14bba4403341
      /hipposysedit:nodetype:
        jcr:primaryType: hippo:handle
        jcr:mixinTypes: ['mix:referenceable']
        jcr:uuid: 6363f832-28c2-4b51-8d85-d70027674992
        /hipposysedit:nodetype:
          jcr:primaryType: hipposysedit:nodetype
          jcr:mixinTypes: ['mix:referenceable', 'hipposysedit:remodel']
          jcr:uuid: a224fde3-6a00-4d83-87ed-26816d771a2c
          hipposysedit:node: true
          hipposysedit:supertype: ['hippo:compound', 'hippostd:relaxed']
          hipposysedit:uri: http://www.publishing.com/publishing/nt/1.0
          hipposysedit:validators: [variables-validator]
          /image:
            jcr:primaryType: hipposysedit:field
            hipposysedit:mandatory: false
            hipposysedit:multiple: false
            hipposysedit:ordered: false
            hipposysedit:path: publishing:image
            hipposysedit:primary: false
            hipposysedit:type: hippogallerypicker:imagelink
            hipposysedit:validators: [required]
          /caption:
            jcr:primaryType: hipposysedit:field
            hipposysedit:mandatory: false
            hipposysedit:multiple: false
            hipposysedit:ordered: false
            hipposysedit:path: publishing:caption
            hipposysedit:primary: false
            hipposysedit:type: String
          /alt:
            jcr:primaryType: hipposysedit:field
            hipposysedit:mandatory: false
            hipposysedit:multiple: false
            hipposysedit:ordered: false
            hipposysedit:path: publishing:alt
            hipposysedit:primary: false
            hipposysedit:type: String
            hipposysedit:validators: [required]
          /overflow:
            jcr:primaryType: hipposysedit:field
            hipposysedit:mandatory: false
            hipposysedit:multiple: false
            hipposysedit:ordered: false
            hipposysedit:path: publishing:overflow
            hipposysedit:primary: false
            hipposysedit:type: Boolean
      /hipposysedit:prototypes:
        jcr:primaryType: hipposysedit:prototypeset
        /hipposysedit:prototype:
          jcr:primaryType: publishing:dsfigureblock
          publishing:caption: ''
          publishing:alt: ''
          publishing:overflow: false
          /publishing:image:
            jcr:primaryType: hippogallerypicker:imagelink
            hippo:docbase: cafebabe-cafe-babe-cafe-babecafebabe
            hippo:facets: []
            hippo:modes: []
            hippo:values: []
      /editor:templates:
        jcr:primaryType: editor:templateset
        /_default_:
          jcr:primaryType: frontend:plugincluster
          frontend:properties: [mode]
          frontend:references: [wicket.model, model.compareTo, engine, validator.id]
          frontend:services: [wicket.id, validator.id]
          /root:
            jcr:primaryType: frontend:plugin
            item: ${cluster.id}.field
            plugin.class: org.hippoecm.frontend.service.render.ListViewPlugin
          /image:
            jcr:primaryType: frontend:plugin
            caption: Image
            field: image
            hint: ''
            plugin.class: org.hippoecm.frontend.editor.plugins.field.NodeFieldPlugin
            wicket.id: ${cluster.id}.field
            /cluster.options:
              jcr:primaryType: frontend:pluginconfig
          /alt:
            jcr:primaryType: frontend:plugin
            caption: Alt text
            field: alt
            plugin.class: org.hippoecm.frontend.editor.plugins.field.PropertyFieldPlugin
            wicket.id: ${cluster.id}.field
            /cluster.options:
              jcr:primaryType: frontend:pluginconfig
          /caption:
            jcr:primaryType: frontend:plugin
            caption: Caption
            field: caption
            plugin.class: org.hippoecm.frontend.editor.plugins.field.PropertyFieldPlugin
            wicket.id: ${cluster.id}.field
            /cluster.options:
              jcr:primaryType: frontend:pluginconfig
          /overflow:
            jcr:primaryType: frontend:plugin
            caption: Overflow
            field: overflow
            hint: Overflow means that the figure will extend into the empty columns
              on the right of the article layout on large viewports
            plugin.class: org.hippoecm.frontend.editor.plugins.field.PropertyFieldPlugin
            wicket.id: ${cluster.id}.field
            /cluster.options:
              jcr:primaryType: frontend:pluginconfig
